Microsoft Visual Studio Solution File, Format Version 12.00
# Visual Studio Version 17
VisualStudioVersion = 17.0.31903.59
MinimumVisualStudioVersion = 10.0.40219.1
Project("{FAE04EC0-301F-11D3-BF4B-00C04F79EFBC}") = "QuanLyNhaTro.Views", "QuanLyNhaTro\QuanLyNhaTro.Views\QuanLyNhaTro.Views.csproj", "{FC66B2F3-50D1-4B68-A212-96155A423B7A}"
EndProject
Project("{FAE04EC0-301F-11D3-BF4B-00C04F79EFBC}") = "QuanLyNhaTro.Core", "QuanLyNhaTro\QuanLyNhaTro.Core\QuanLyNhaTro.Core.csproj", "{A2A9A09F-4D29-4322-9D09-329417E4C4E3}"
EndProject
Project("{FAE04EC0-301F-11D3-BF4B-00C04F79EFBC}") = "QuanLyNhaTro.Data", "QuanLyNhaTro\QuanLyNhaTro.Data\QuanLyNhaTro.Data.csproj", "{B3B9A09F-4D29-4322-9D09-329417E4C4E3}"
EndProject
Project("{FAE04EC0-301F-11D3-BF4B-00C04F79EFBC}") = "QuanLyNhaTro.Models", "QuanLyNhaTro\QuanLyNhaTro.Models\QuanLyNhaTro.Models.csproj", "{C4C9A09F-4D29-4322-9D09-329417E4C4E3}"
EndProject
Project("{FAE04EC0-301F-11D3-BF4B-00C04F79EFBC}") = "QuanLyNhaTro.Presenters", "QuanLyNhaTro\QuanLyNhaTro.Presenters\QuanLyNhaTro.Presenters.csproj", "{D5D9A09F-4D29-4322-9D09-329417E4C4E3}"
EndProject
Global
	GlobalSection(SolutionConfigurationPlatforms) = preSolution
		Debug|Any CPU = Debug|Any CPU
		Release|Any CPU = Release|Any CPU
	EndGlobalSection
	GlobalSection(ProjectConfigurationPlatforms) = postSolution
		{FC66B2F3-50D1-4B68-A212-96155A423B7A}.Debug|Any CPU.ActiveCfg = Debug|Any CPU
		{FC66B2F3-50D1-4B68-A212-96155A423B7A}.Debug|Any CPU.Build.0 = Debug|Any CPU
		{FC66B2F3-50D1-4B68-A212-96155A423B7A}.Release|Any CPU.ActiveCfg = Release|Any CPU
		{FC66B2F3-50D1-4B68-A212-96155A423B7A}.Release|Any CPU.Build.0 = Release|Any CPU
		{A2A9A09F-4D29-4322-9D09-329417E4C4E3}.Debug|Any CPU.ActiveCfg = Debug|Any CPU
		{A2A9A09F-4D29-4322-9D09-329417E4C4E3}.Debug|Any CPU.Build.0 = Debug|Any CPU
		{A2A9A09F-4D29-4322-9D09-329417E4C4E3}.Release|Any CPU.ActiveCfg = Release|Any CPU
		{A2A9A09F-4D29-4322-9D09-329417E4C4E3}.Release|Any CPU.Build.0 = Release|Any CPU
		{B3B9A09F-4D29-4322-9D09-329417E4C4E3}.Debug|Any CPU.ActiveCfg = Debug|Any CPU
		{B3B9A09F-4D29-4322-9D09-329417E4C4E3}.Debug|Any CPU.Build.0 = Debug|Any CPU
		{B3B9A09F-4D29-4322-9D09-329417E4C4E3}.Release|Any CPU.ActiveCfg = Release|Any CPU
		{B3B9A09F-4D29-4322-9D09-329417E4C4E3}.Release|Any CPU.Build.0 = Release|Any CPU
		{C4C9A09F-4D29-4322-9D09-329417E4C4E3}.Debug|Any CPU.ActiveCfg = Debug|Any CPU
		{C4C9A09F-4D29-4322-9D09-329417E4C4E3}.Debug|Any CPU.Build.0 = Debug|Any CPU
		{C4C9A09F-4D29-4322-9D09-329417E4C4E3}.Release|Any CPU.ActiveCfg = Release|Any CPU
		{C4C9A09F-4D29-4322-9D09-329417E4C4E3}.Release|Any CPU.Build.0 = Release|Any CPU
		{D5D9A09F-4D29-4322-9D09-329417E4C4E3}.Debug|Any CPU.ActiveCfg = Debug|Any CPU
		{D5D9A09F-4D29-4322-9D09-329417E4C4E3}.Debug|Any CPU.Build.0 = Debug|Any CPU
		{D5D9A09F-4D29-4322-9D09-329417E4C4E3}.Release|Any CPU.ActiveCfg = Release|Any CPU
		{D5D9A09F-4D29-4322-9D09-329417E4C4E3}.Release|Any CPU.Build.0 = Release|Any CPU
	EndGlobalSection
	GlobalSection(SolutionProperties) = preSolution
		HideSolutionNode = FALSE
	EndGlobalSection
EndGlobal
